
Microsoft Visual Studio Solution File, Format Version 12.00
# Visual Studio Version 16
VisualStudioVersion = 16.0.31613.86
MinimumVisualStudioVersion = 10.0.40219.1
Project("{8BC9CEB8-8B4A-11D0-8D11-00A0C91BC942}") = "Class_Massiv", "Class_Massiv\Class_Massiv.vcxproj", "{A8C6D79F-412F-4FFD-8C15-3EF8B2464DDD}"
EndProject
Global
	GlobalSection(SolutionConfigurationPlatforms) = preSolution
		Debug|x64 = Debug|x64
		Debug|x86 = Debug|x86
		Release|x64 = Release|x64
		Release|x86 = Release|x86
	EndGlobalSection
	GlobalSection(ProjectConfigurationPlatforms) = postSolution
		{A8C6D79F-412F-4FFD-8C15-3EF8B2464DDD}.Debug|x64.ActiveCfg = Debug|x64
		{A8C6D79F-412F-4FFD-8C15-3EF8B2464DDD}.Debug|x64.Build.0 = Debug|x64
		{A8C6D79F-412F-4FFD-8C15-3EF8B2464DDD}.Debug|x86.ActiveCfg = Debug|Win32
		{A8C6D79F-412F-4FFD-8C15-3EF8B2464DDD}.Debug|x86.Build.0 = Debug|Win32
		{A8C6D79F-412F-4FFD-8C15-3EF8B2464DDD}.Release|x64.ActiveCfg = Release|x64
		{A8C6D79F-412F-4FFD-8C15-3EF8B2464DDD}.Release|x64.Build.0 = Release|x64
		{A8C6D79F-412F-4FFD-8C15-3EF8B2464DDD}.Release|x86.ActiveCfg = Release|Win32
		{A8C6D79F-412F-4FFD-8C15-3EF8B2464DDD}.Release|x86.Build.0 = Release|Win32
	EndGlobalSection
	GlobalSection(SolutionProperties) = preSolution
		HideSolutionNode = FALSE
	EndGlobalSection
	GlobalSection(ExtensibilityGlobals) = postSolution
		SolutionGuid = {38FC4B24-7A17-4F5B-A0A3-4DAC7ACF9EBD}
	EndGlobalSection
EndGlobal
